
Microsoft Visual Studio Solution File, Format Version 12.00
# Visual Studio 14
VisualStudioVersion = 14.0.24720.0
MinimumVisualStudioVersion = 10.0.40219.1
Project("{FAE04EC0-301F-11D3-BF4B-00C04F79EFBC}") = "2014102166-CON", "2014102166-CON\2014102166-CON.csproj", "{9DB84678-A5B3-448E-BCD6-F2CF50CF7389}"
EndProject
Project("{FAE04EC0-301F-11D3-BF4B-00C04F79EFBC}") = "2014102166-ENT", "2014102166-ENT\2014102166-ENT.csproj", "{2BE8DCFE-D06D-47D9-B244-CE698135596F}"
EndProject
Project("{FAE04EC0-301F-11D3-BF4B-00C04F79EFBC}") = "2014102166-PER", "2014102166-PER\2014102166-PER.csproj", "{5135B2BA-C282-4AA4-B52E-D5D0930F88E5}"
EndProject
Global
	GlobalSection(SolutionConfigurationPlatforms) = preSolution
		Debug|Any CPU = Debug|Any CPU
		Release|Any CPU = Release|Any CPU
	EndGlobalSection
	GlobalSection(ProjectConfigurationPlatforms) = postSolution
		{9DB84678-A5B3-448E-BCD6-F2CF50CF7389}.Debug|Any CPU.ActiveCfg = Debug|Any CPU
		{9DB84678-A5B3-448E-BCD6-F2CF50CF7389}.Debug|Any CPU.Build.0 = Debug|Any CPU
		{9DB84678-A5B3-448E-BCD6-F2CF50CF7389}.Release|Any CPU.ActiveCfg = Release|Any CPU
		{9DB84678-A5B3-448E-BCD6-F2CF50CF7389}.Release|Any CPU.Build.0 = Release|Any CPU
		{2BE8DCFE-D06D-47D9-B244-CE698135596F}.Debug|Any CPU.ActiveCfg = Debug|Any CPU
		{2BE8DCFE-D06D-47D9-B244-CE698135596F}.Debug|Any CPU.Build.0 = Debug|Any CPU
		{2BE8DCFE-D06D-47D9-B244-CE698135596F}.Release|Any CPU.ActiveCfg = Release|Any CPU
		{2BE8DCFE-D06D-47D9-B244-CE698135596F}.Release|Any CPU.Build.0 = Release|Any CPU
		{5135B2BA-C282-4AA4-B52E-D5D0930F88E5}.Debug|Any CPU.ActiveCfg = Debug|Any CPU
		{5135B2BA-C282-4AA4-B52E-D5D0930F88E5}.Debug|Any CPU.Build.0 = Debug|Any CPU
		{5135B2BA-C282-4AA4-B52E-D5D0930F88E5}.Release|Any CPU.ActiveCfg = Release|Any CPU
		{5135B2BA-C282-4AA4-B52E-D5D0930F88E5}.Release|Any CPU.Build.0 = Release|Any CPU
	EndGlobalSection
	GlobalSection(SolutionProperties) = preSolution
		HideSolutionNode = FALSE
	EndGlobalSection
EndGlobal
